// !$*UTF8*$!
{
	archiveVersion = 1;
	classes = {
	};
	objectVersion = 45;
	objects = {

/* Begin PBXBuildFile section */
		1D3623260D0F684500981E51 /* tweetradio_mobileAppDelegate.m in Sources */ = {isa = PBXBuildFile; fileRef = 1D3623250D0F684500981E51 /* tweetradio_mobileAppDelegate.m */; };
		1D60589B0D05DD56006BFB54 /* main.m in Sources */ = {isa = PBXBuildFile; fileRef = 29B97316FDCFA39411CA2CEA /* main.m */; };
		1D60589F0D05DD5A006BFB54 /* Foundation.framework in Frameworks */ = {isa = PBXBuildFile; fileRef = 1D30AB110D05D00D00671497 /* Foundation.framework */; };
		1DF5F4E00D08C38300B7A737 /* UIKit.framework in Frameworks */ = {isa = PBXBuildFile; fileRef = 1DF5F4DF0D08C38300B7A737 /* UIKit.framework */; };
		28860B770F44E54D00985440 /* tweetradio_mobile.xcdatamodel in Sources */ = {isa = PBXBuildFile; fileRef = 28860B760F44E54D00985440 /* tweetradio_mobile.xcdatamodel */; };
		28860BE50F44EE6400985440 /* CoreData.framework in Frameworks */ = {isa = PBXBuildFile; fileRef = 28860BE40F44EE6400985440 /* CoreData.framework */; };
		2892E4100DC94CBA00A64D0F /* CoreGraphics.framework in Frameworks */ = {isa = PBXBuildFile; fileRef = 2892E40F0DC94CBA00A64D0F /* CoreGraphics.framework */; };
		2899E5600DE3E45000AC0155 /* RootViewController.xib in Resources */ = {isa = PBXBuildFile; fileRef = 2899E55F0DE3E45000AC0155 /* RootViewController.xib */; };
		28AD73600D9D9599002E5188 /* MainWindow.xib in Resources */ = {isa = PBXBuildFile; fileRef = 28AD735F0D9D9599002E5188 /* MainWindow.xib */; };
		28C286E10D94DF7D0034E888 /* RootViewController.m in Sources */ = {isa = PBXBuildFile; fileRef = 28C286E00D94DF7D0034E888 /* RootViewController.m */; };
		BE8C5E5510AA638C00B2427C /* libxml2.dylib in Frameworks */ = {isa = PBXBuildFile; fileRef = BE8C5E5410AA638C00B2427C /* libxml2.dylib */; };
		BE8C5EA110AA75DD00B2427C /* libYAJLIPhone.a in Frameworks */ = {isa = PBXBuildFile; fileRef = BE8C5EA010AA75DD00B2427C /* libYAJLIPhone.a */; };
		BE8C5EA210AA75DD00B2427C /* libYAJLIPhone.a in Frameworks */ = {isa = PBXBuildFile; fileRef = BE8C5EA010AA75DD00B2427C /* libYAJLIPhone.a */; };
		BE8C5EC910AA772000B2427C /* Twitter.m in Sources */ = {isa = PBXBuildFile; fileRef = BE8C5EC810AA772000B2427C /* Twitter.m */; };
		BE8C5ECA10AA772000B2427C /* Twitter.m in Sources */ = {isa = PBXBuildFile; fileRef = BE8C5EC810AA772000B2427C /* Twitter.m */; };
		BE8C5F5D10AA7DD500B2427C /* TwitterTest.m in Sources */ = {isa = PBXBuildFile; fileRef = BE8C5F5C10AA7DD500B2427C /* TwitterTest.m */; };
		BE8C605D10AA8C0200B2427C /* MGTwitterEngine.m in Sources */ = {isa = PBXBuildFile; fileRef = BE8C601910AA8C0200B2427C /* MGTwitterEngine.m */; };
		BE8C605E10AA8C0200B2427C /* MGTwitterHTTPURLConnection.m in Sources */ = {isa = PBXBuildFile; fileRef = BE8C601C10AA8C0200B2427C /* MGTwitterHTTPURLConnection.m */; };
		BE8C605F10AA8C0200B2427C /* MGTwitterLibXMLParser.m in Sources */ = {isa = PBXBuildFile; fileRef = BE8C602110AA8C0200B2427C /* MGTwitterLibXMLParser.m */; };
		BE8C606010AA8C0200B2427C /* MGTwitterStatusesLibXMLParser.m in Sources */ = {isa = PBXBuildFile; fileRef = BE8C602310AA8C0200B2427C /* MGTwitterStatusesLibXMLParser.m */; };
		BE8C606110AA8C0200B2427C /* MGTwitterUsersLibXMLParser.m in Sources */ = {isa = PBXBuildFile; fileRef = BE8C602510AA8C0200B2427C /* MGTwitterUsersLibXMLParser.m */; };
		BE8C606210AA8C0200B2427C /* MGTwitterMessagesLibXMLParser.m in Sources */ = {isa = PBXBuildFile; fileRef = BE8C602710AA8C0200B2427C /* MGTwitterMessagesLibXMLParser.m */; };
		BE8C606310AA8C0200B2427C /* MGTwitterMiscLibXMLParser.m in Sources */ = {isa = PBXBuildFile; fileRef = BE8C602910AA8C0200B2427C /* MGTwitterMiscLibXMLParser.m */; };
		BE8C606410AA8C0200B2427C /* MGTwitterXMLParser.m in Sources */ = {isa = PBXBuildFile; fileRef = BE8C602C10AA8C0200B2427C /* MGTwitterXMLParser.m */; };
		BE8C606510AA8C0200B2427C /* MGTwitterStatusesParser.m in Sources */ = {isa = PBXBuildFile; fileRef = BE8C602E10AA8C0200B2427C /* MGTwitterStatusesParser.m */; };
		BE8C606610AA8C0200B2427C /* MGTwitterUsersParser.m in Sources */ = {isa = PBXBuildFile; fileRef = BE8C603010AA8C0200B2427C /* MGTwitterUsersParser.m */; };
		BE8C606710AA8C0200B2427C /* MGTwitterMessagesParser.m in Sources */ = {isa = PBXBuildFile; fileRef = BE8C603210AA8C0200B2427C /* MGTwitterMessagesParser.m */; };
		BE8C606810AA8C0200B2427C /* MGTwitterMiscParser.m in Sources */ = {isa = PBXBuildFile; fileRef = BE8C603410AA8C0200B2427C /* MGTwitterMiscParser.m */; };
		BE8C606910AA8C0200B2427C /* MGTwitterYAJLParser.m in Sources */ = {isa = PBXBuildFile; fileRef = BE8C603710AA8C0200B2427C /* MGTwitterYAJLParser.m */; };
		BE8C606A10AA8C0200B2427C /* MGTwitterStatusesYAJLParser.m in Sources */ = {isa = PBXBuildFile; fileRef = BE8C603910AA8C0200B2427C /* MGTwitterStatusesYAJLParser.m */; };
		BE8C606B10AA8C0200B2427C /* MGTwitterUsersYAJLParser.m in Sources */ = {isa = PBXBuildFile; fileRef = BE8C603B10AA8C0200B2427C /* MGTwitterUsersYAJLParser.m */; };
		BE8C606C10AA8C0200B2427C /* MGTwitterMessagesYAJLParser.m in Sources */ = {isa = PBXBuildFile; fileRef = BE8C603D10AA8C0200B2427C /* MGTwitterMessagesYAJLParser.m */; };
		BE8C606D10AA8C0200B2427C /* MGTwitterMiscYAJLParser.m in Sources */ = {isa = PBXBuildFile; fileRef = BE8C603F10AA8C0200B2427C /* MGTwitterMiscYAJLParser.m */; };
		BE8C606E10AA8C0200B2427C /* MGTwitterSearchYAJLParser.m in Sources */ = {isa = PBXBuildFile; fileRef = BE8C604110AA8C0200B2427C /* MGTwitterSearchYAJLParser.m */; };
		BE8C606F10AA8C0200B2427C /* NSString+UUID.m in Sources */ = {isa = PBXBuildFile; fileRef = BE8C604410AA8C0200B2427C /* NSString+UUID.m */; };
		BE8C607010AA8C0200B2427C /* NSData+Base64.m in Sources */ = {isa = PBXBuildFile; fileRef = BE8C604610AA8C0200B2427C /* NSData+Base64.m */; };
		BE8C619010AD08D300B2427C /* Tweet.m in Sources */ = {isa = PBXBuildFile; fileRef = BE8C618F10AD08D300B2427C /* Tweet.m */; };
		BE8C619110AD08D300B2427C /* Tweet.m in Sources */ = {isa = PBXBuildFile; fileRef = BE8C618F10AD08D300B2427C /* Tweet.m */; };
/* End PBXBuildFile section */

/* Begin PBXFileReference section */
		1D30AB110D05D00D00671497 /* Foundation.framework */ = {isa = PBXFileReference; lastKnownFileType = wrapper.framework; name = Foundation.framework; path = System/Library/Frameworks/Foundation.framework; sourceTree = SDKROOT; };
		1D3623240D0F684500981E51 /* tweetradio_mobileAppDelegate.h */ = {isa = PBXFileReference; fileEncoding = 4; lastKnownFileType = sourcecode.c.h; path = tweetradio_mobileAppDelegate.h; sourceTree = "<group>"; };
		1D3623250D0F684500981E51 /* tweetradio_mobileAppDelegate.m */ = {isa = PBXFileReference; fileEncoding = 4; lastKnownFileType = sourcecode.c.objc; path = tweetradio_mobileAppDelegate.m; sourceTree = "<group>"; };
		1D6058910D05DD3D006BFB54 /* tweetradio_mobile.app */ = {isa = PBXFileReference; explicitFileType = wrapper.application; includeInIndex = 0; path = tweetradio_mobile.app; sourceTree = BUILT_PRODUCTS_DIR; };
		1DF5F4DF0D08C38300B7A737 /* UIKit.framework */ = {isa = PBXFileReference; lastKnownFileType = wrapper.framework; name = UIKit.framework; path = System/Library/Frameworks/UIKit.framework; sourceTree = SDKROOT; };
		28860B760F44E54D00985440 /* tweetradio_mobile.xcdatamodel */ = {isa = PBXFileReference; fileEncoding = 4; lastKnownFileType = wrapper.xcdatamodel; name = tweetradio_mobile.xcdatamodel; path = ../tweetradio_mobile.xcdatamodel; sourceTree = "<group>"; };
		28860BE40F44EE6400985440 /* CoreData.framework */ = {isa = PBXFileReference; lastKnownFileType = wrapper.framework; name = CoreData.framework; path = System/Library/Frameworks/CoreData.framework; sourceTree = SDKROOT; };
		2892E40F0DC94CBA00A64D0F /* CoreGraphics.framework */ = {isa = PBXFileReference; lastKnownFileType = wrapper.framework; name = CoreGraphics.framework; path = System/Library/Frameworks/CoreGraphics.framework; sourceTree = SDKROOT; };
		2899E55F0DE3E45000AC0155 /* RootViewController.xib */ = {isa = PBXFileReference; lastKnownFileType = file.xib; path = RootViewController.xib; sourceTree = "<group>"; };
		28A0AAE50D9B0CCF005BE974 /* tweetradio_mobile_Prefix.pch */ = {isa = PBXFileReference; fileEncoding = 4; lastKnownFileType = sourcecode.c.h; path = tweetradio_mobile_Prefix.pch; sourceTree = "<group>"; };
		28AD735F0D9D9599002E5188 /* MainWindow.xib */ = {isa = PBXFileReference; lastKnownFileType = file.xib; path = MainWindow.xib; sourceTree = "<group>"; };
		28C286DF0D94DF7D0034E888 /* RootViewController.h */ = {isa = PBXFileReference; fileEncoding = 4; lastKnownFileType = sourcecode.c.h; path = RootViewController.h; sourceTree = "<group>"; };
		28C286E00D94DF7D0034E888 /* RootViewController.m */ = {isa = PBXFileReference; fileEncoding = 4; lastKnownFileType = sourcecode.c.objc; path = RootViewController.m; sourceTree = "<group>"; };
		29B97316FDCFA39411CA2CEA /* main.m */ = {isa = PBXFileReference; fileEncoding = 4; lastKnownFileType = sourcecode.c.objc; path = main.m; sourceTree = "<group>"; };
		8D1107310486CEB800E47090 /* tweetradio_mobile-Info.plist */ = {isa = PBXFileReference; fileEncoding = 4; lastKnownFileType = text.plist.xml; path = "tweetradio_mobile-Info.plist"; plistStructureDefinitionIdentifier = "com.apple.xcode.plist.structure-definition.iphone.info-plist"; sourceTree = "<group>"; };
		BE8C5E5410AA638C00B2427C /* libxml2.dylib */ = {isa = PBXFileReference; lastKnownFileType = "compiled.mach-o.dylib"; name = libxml2.dylib; path = usr/lib/libxml2.dylib; sourceTree = SDKROOT; };
		BE8C5E5610AA63A500B2427C /* libxml2.dylib */ = {isa = PBXFileReference; lastKnownFileType = "compiled.mach-o.dylib"; name = libxml2.dylib; path = usr/lib/libxml2.dylib; sourceTree = SDKROOT; };
		BE8C5E6510AA694900B2427C /* test_tweetradio_mobile.octest */ = {isa = PBXFileReference; explicitFileType = wrapper.cfbundle; includeInIndex = 0; path = test_tweetradio_mobile.octest; sourceTree = BUILT_PRODUCTS_DIR; };
		BE8C5E6610AA694900B2427C /* test_tweetradio_mobile-Info.plist */ = {isa = PBXFileReference; lastKnownFileType = text.plist.xml; path = "test_tweetradio_mobile-Info.plist"; sourceTree = "<group>"; };
		BE8C5EA010AA75DD00B2427C /* libYAJLIPhone.a */ = {isa = PBXFileReference; lastKnownFileType = archive.ar; path = libYAJLIPhone.a; sourceTree = "<group>"; };
		BE8C5EC710AA772000B2427C /* Twitter.h */ = {isa = PBXFileReference; fileEncoding = 4; lastKnownFileType = sourcecode.c.h; path = Twitter.h; sourceTree = "<group>"; };
		BE8C5EC810AA772000B2427C /* Twitter.m */ = {isa = PBXFileReference; fileEncoding = 4; lastKnownFileType = sourcecode.c.objc; path = Twitter.m; sourceTree = "<group>"; };
		BE8C5F5B10AA7DD500B2427C /* TwitterTest.h */ = {isa = PBXFileReference; fileEncoding = 4; lastKnownFileType = sourcecode.c.h; path = TwitterTest.h; sourceTree = "<group>"; };
		BE8C5F5C10AA7DD500B2427C /* TwitterTest.m */ = {isa = PBXFileReference; fileEncoding = 4; lastKnownFileType = sourcecode.c.objc; path = TwitterTest.m; sourceTree = "<group>"; };
		BE8C5FEF10AA86D800B2427C /* Test-Info.plist */ = {isa = PBXFileReference; lastKnownFileType = text.plist.xml; path = "Test-Info.plist"; sourceTree = "<group>"; };
		BE8C601710AA8C0200B2427C /* MGTwitterEngineGlobalHeader.h */ = {isa = PBXFileReference; fileEncoding = 4; lastKnownFileType = sourcecode.c.h; path = MGTwitterEngineGlobalHeader.h; sourceTree = "<group>"; };
		BE8C601810AA8C0200B2427C /* MGTwitterEngine.h */ = {isa = PBXFileReference; fileEncoding = 4; lastKnownFileType = sourcecode.c.h; path = MGTwitterEngine.h; sourceTree = "<group>"; };
		BE8C601910AA8C0200B2427C /* MGTwitterEngine.m */ = {isa = PBXFileReference; fileEncoding = 4; lastKnownFileType = sourcecode.c.objc; path = MGTwitterEngine.m; sourceTree = "<group>"; };
		BE8C601A10AA8C0200B2427C /* MGTwitterEngineDelegate.h */ = {isa = PBXFileReference; fileEncoding = 4; lastKnownFileType = sourcecode.c.h; path = MGTwitterEngineDelegate.h; sourceTree = "<group>"; };
		BE8C601B10AA8C0200B2427C /* MGTwitterHTTPURLConnection.h */ = {isa = PBXFileReference; fileEncoding = 4; lastKnownFileType = sourcecode.c.h; path = MGTwitterHTTPURLConnection.h; sourceTree = "<group>"; };
		BE8C601C10AA8C0200B2427C /* MGTwitterHTTPURLConnection.m */ = {isa = PBXFileReference; fileEncoding = 4; lastKnownFileType = sourcecode.c.objc; path = MGTwitterHTTPURLConnection.m; sourceTree = "<group>"; };
		BE8C601D10AA8C0200B2427C /* MGTwitterRequestTypes.h */ = {isa = PBXFileReference; fileEncoding = 4; lastKnownFileType = sourcecode.c.h; path = MGTwitterRequestTypes.h; sourceTree = "<group>"; };
		BE8C601E10AA8C0200B2427C /* MGTwitterParserDelegate.h */ = {isa = PBXFileReference; fileEncoding = 4; lastKnownFileType = sourcecode.c.h; path = MGTwitterParserDelegate.h; sourceTree = "<group>"; };
		BE8C602010AA8C0200B2427C /* MGTwitterLibXMLParser.h */ = {isa = PBXFileReference; fileEncoding = 4; lastKnownFileType = sourcecode.c.h; path = MGTwitterLibXMLParser.h; sourceTree = "<group>"; };
		BE8C602110AA8C0200B2427C /* MGTwitterLibXMLParser.m */ = {isa = PBXFileReference; fileEncoding = 4; lastKnownFileType = sourcecode.c.objc; path = MGTwitterLibXMLParser.m; sourceTree = "<group>"; };
		BE8C602210AA8C0200B2427C /* MGTwitterStatusesLibXMLParser.h */ = {isa = PBXFileReference; fileEncoding = 4; lastKnownFileType = sourcecode.c.h; path = MGTwitterStatusesLibXMLParser.h; sourceTree = "<group>"; };
		BE8C602310AA8C0200B2427C /* MGTwitterStatusesLibXMLParser.m */ = {isa = PBXFileReference; fileEncoding = 4; lastKnownFileType = sourcecode.c.objc; path = MGTwitterStatusesLibXMLParser.m; sourceTree = "<group>"; };
		BE8C602410AA8C0200B2427C /* MGTwitterUsersLibXMLParser.h */ = {isa = PBXFileReference; fileEncoding = 4; lastKnownFileType = sourcecode.c.h; path = MGTwitterUsersLibXMLParser.h; sourceTree = "<group>"; };
		BE8C602510AA8C0200B2427C /* MGTwitterUsersLibXMLParser.m */ = {isa = PBXFileReference; fileEncoding = 4; lastKnownFileType = sourcecode.c.objc; path = MGTwitterUsersLibXMLParser.m; sourceTree = "<group>"; };
		BE8C602610AA8C0200B2427C /* MGTwitterMessagesLibXMLParser.h */ = {isa = PBXFileReference; fileEncoding = 4; lastKnownFileType = sourcecode.c.h; path = MGTwitterMessagesLibXMLParser.h; sourceTree = "<group>"; };
		BE8C602710AA8C0200B2427C /* MGTwitterMessagesLibXMLParser.m */ = {isa = PBXFileReference; fileEncoding = 4; lastKnownFileType = sourcecode.c.objc; path = MGTwitterMessagesLibXMLParser.m; sourceTree = "<group>"; };
		BE8C602810AA8C0200B2427C /* MGTwitterMiscLibXMLParser.h */ = {isa = PBXFileReference; fileEncoding = 4; lastKnownFileType = sourcecode.c.h; path = MGTwitterMiscLibXMLParser.h; sourceTree = "<group>"; };
		BE8C602910AA8C0200B2427C /* MGTwitterMiscLibXMLParser.m */ = {isa = PBXFileReference; fileEncoding = 4; lastKnownFileType = sourcecode.c.objc; path = MGTwitterMiscLibXMLParser.m; sourceTree = "<group>"; };
		BE8C602B10AA8C0200B2427C /* MGTwitterXMLParser.h */ = {isa = PBXFileReference; fileEncoding = 4; lastKnownFileType = sourcecode.c.h; path = MGTwitterXMLParser.h; sourceTree = "<group>"; };
		BE8C602C10AA8C0200B2427C /* MGTwitterXMLParser.m */ = {isa = PBXFileReference; fileEncoding = 4; lastKnownFileType = sourcecode.c.objc; path = MGTwitterXMLParser.m; sourceTree = "<group>"; };
		BE8C602D10AA8C0200B2427C /* MGTwitterStatusesParser.h */ = {isa = PBXFileReference; fileEncoding = 4; lastKnownFileType = sourcecode.c.h; path = MGTwitterStatusesParser.h; sourceTree = "<group>"; };
		BE8C602E10AA8C0200B2427C /* MGTwitterStatusesParser.m */ = {isa = PBXFileReference; fileEncoding = 4; lastKnownFileType = sourcecode.c.objc; path = MGTwitterStatusesParser.m; sourceTree = "<group>"; };
		BE8C602F10AA8C0200B2427C /* MGTwitterUsersParser.h */ = {isa = PBXFileReference; fileEncoding = 4; lastKnownFileType = sourcecode.c.h; path = MGTwitterUsersParser.h; sourceTree = "<group>"; };
		BE8C603010AA8C0200B2427C /* MGTwitterUsersParser.m */ = {isa = PBXFileReference; fileEncoding = 4; lastKnownFileType = sourcecode.c.objc; path = MGTwitterUsersParser.m; sourceTree = "<group>"; };
		BE8C603110AA8C0200B2427C /* MGTwitterMessagesParser.h */ = {isa = PBXFileReference; fileEncoding = 4; lastKnownFileType = sourcecode.c.h; path = MGTwitterMessagesParser.h; sourceTree = "<group>"; };
		BE8C603210AA8C0200B2427C /* MGTwitterMessagesParser.m */ = {isa = PBXFileReference; fileEncoding = 4; lastKnownFileType = sourcecode.c.objc; path = MGTwitterMessagesParser.m; sourceTree = "<group>"; };
		BE8C603310AA8C0200B2427C /* MGTwitterMiscParser.h */ = {isa = PBXFileReference; fileEncoding = 4; lastKnownFileType = sourcecode.c.h; path = MGTwitterMiscParser.h; sourceTree = "<group>"; };
		BE8C603410AA8C0200B2427C /* MGTwitterMiscParser.m */ = {isa = PBXFileReference; fileEncoding = 4; lastKnownFileType = sourcecode.c.objc; path = MGTwitterMiscParser.m; sourceTree = "<group>"; };
		BE8C603610AA8C0200B2427C /* MGTwitterYAJLParser.h */ = {isa = PBXFileReference; fileEncoding = 4; lastKnownFileType = sourcecode.c.h; path = MGTwitterYAJLParser.h; sourceTree = "<group>"; };
		BE8C603710AA8C0200B2427C /* MGTwitterYAJLParser.m */ = {isa = PBXFileReference; fileEncoding = 4; lastKnownFileType = sourcecode.c.objc; path = MGTwitterYAJLParser.m; sourceTree = "<group>"; };
		BE8C603810AA8C0200B2427C /* MGTwitterStatusesYAJLParser.h */ = {isa = PBXFileReference; fileEncoding = 4; lastKnownFileType = sourcecode.c.h; path = MGTwitterStatusesYAJLParser.h; sourceTree = "<group>"; };
		BE8C603910AA8C0200B2427C /* MGTwitterStatusesYAJLParser.m */ = {isa = PBXFileReference; fileEncoding = 4; lastKnownFileType = sourcecode.c.objc; path = MGTwitterStatusesYAJLParser.m; sourceTree = "<group>"; };
		BE8C603A10AA8C0200B2427C /* MGTwitterUsersYAJLParser.h */ = {isa = PBXFileReference; fileEncoding = 4; lastKnownFileType = sourcecode.c.h; path = MGTwitterUsersYAJLParser.h; sourceTree = "<group>"; };
		BE8C603B10AA8C0200B2427C /* MGTwitterUsersYAJLParser.m */ = {isa = PBXFileReference; fileEncoding = 4; lastKnownFileType = sourcecode.c.objc; path = MGTwitterUsersYAJLParser.m; sourceTree = "<group>"; };
		BE8C603C10AA8C0200B2427C /* MGTwitterMessagesYAJLParser.h */ = {isa = PBXFileReference; fileEncoding = 4; lastKnownFileType = sourcecode.c.h; path = MGTwitterMessagesYAJLParser.h; sourceTree = "<group>"; };
		BE8C603D10AA8C0200B2427C /* MGTwitterMessagesYAJLParser.m */ = {isa = PBXFileReference; fileEncoding = 4; lastKnownFileType = sourcecode.c.objc; path = MGTwitterMessagesYAJLParser.m; sourceTree = "<group>"; };
		BE8C603E10AA8C0200B2427C /* MGTwitterMiscYAJLParser.h */ = {isa = PBXFileReference; fileEncoding = 4; lastKnownFileType = sourcecode.c.h; path = MGTwitterMiscYAJLParser.h; sourceTree = "<group>"; };
		BE8C603F10AA8C0200B2427C /* MGTwitterMiscYAJLParser.m */ = {isa = PBXFileReference; fileEncoding = 4; lastKnownFileType = sourcecode.c.objc; path = MGTwitterMiscYAJLParser.m; sourceTree = "<group>"; };
		BE8C604010AA8C0200B2427C /* MGTwitterSearchYAJLParser.h */ = {isa = PBXFileReference; fileEncoding = 4; lastKnownFileType = sourcecode.c.h; path = MGTwitterSearchYAJLParser.h; sourceTree = "<group>"; };
		BE8C604110AA8C0200B2427C /* MGTwitterSearchYAJLParser.m */ = {isa = PBXFileReference; fileEncoding = 4; lastKnownFileType = sourcecode.c.objc; path = MGTwitterSearchYAJLParser.m; sourceTree = "<group>"; };
		BE8C604310AA8C0200B2427C /* NSString+UUID.h */ = {isa = PBXFileReference; fileEncoding = 4; lastKnownFileType = sourcecode.c.h; path = "NSString+UUID.h"; sourceTree = "<group>"; };
		BE8C604410AA8C0200B2427C /* NSString+UUID.m */ = {isa = PBXFileReference; fileEncoding = 4; lastKnownFileType = sourcecode.c.objc; path = "NSString+UUID.m"; sourceTree = "<group>"; };
		BE8C604510AA8C0200B2427C /* NSData+Base64.h */ = {isa = PBXFileReference; fileEncoding = 4; lastKnownFileType = sourcecode.c.h; path = "NSData+Base64.h"; sourceTree = "<group>"; };
		BE8C604610AA8C0200B2427C /* NSData+Base64.m */ = {isa = PBXFileReference; fileEncoding = 4; lastKnownFileType = sourcecode.c.objc; path = "NSData+Base64.m"; sourceTree = "<group>"; };
		BE8C618E10AD08D300B2427C /* Tweet.h */ = {isa = PBXFileReference; fileEncoding = 4; lastKnownFileType = sourcecode.c.h; path = Tweet.h; sourceTree = "<group>"; };
		BE8C618F10AD08D300B2427C /* Tweet.m */ = {isa = PBXFileReference; fileEncoding = 4; lastKnownFileType = sourcecode.c.objc; path = Tweet.m; sourceTree = "<group>"; };
/* End PBXFileReference section */

/* Begin PBXFrameworksBuildPhase section */
		1D60588F0D05DD3D006BFB54 /* Frameworks */ = {
			isa = PBXFrameworksBuildPhase;
			buildActionMask = 2147483647;
			files = (
				1D60589F0D05DD5A006BFB54 /* Foundation.framework in Frameworks */,
				1DF5F4E00D08C38300B7A737 /* UIKit.framework in Frameworks */,
				2892E4100DC94CBA00A64D0F /* CoreGraphics.framework in Frameworks */,
				28860BE50F44EE6400985440 /* CoreData.framework in Frameworks */,
				BE8C5E5510AA638C00B2427C /* libxml2.dylib in Frameworks */,
				BE8C5EA210AA75DD00B2427C /* libYAJLIPhone.a in Frameworks */,
			);
			runOnlyForDeploymentPostprocessing = 0;
		};
		BE8C5E6210AA694900B2427C /* Frameworks */ = {
			isa = PBXFrameworksBuildPhase;
			buildActionMask = 2147483647;
			files = (
				BE8C5EA110AA75DD00B2427C /* libYAJLIPhone.a in Frameworks */,
			);
			runOnlyForDeploymentPostprocessing = 0;
		};
/* End PBXFrameworksBuildPhase section */

/* Begin PBXGroup section */
		080E96DDFE201D6D7F000001 /* Classes */ = {
			isa = PBXGroup;
			children = (
				BE8C618910AD089900B2427C /* Model */,
				BE8C601610AA8C0200B2427C /* MATwitterEngine */,
				28C286DF0D94DF7D0034E888 /* RootViewController.h */,
				28C286E00D94DF7D0034E888 /* RootViewController.m */,
				1D3623240D0F684500981E51 /* tweetradio_mobileAppDelegate.h */,
				1D3623250D0F684500981E51 /* tweetradio_mobileAppDelegate.m */,
				BE8C5EC710AA772000B2427C /* Twitter.h */,
				BE8C5EC810AA772000B2427C /* Twitter.m */,
			);
			path = Classes;
			sourceTree = "<group>";
		};
		19C28FACFE9D520D11CA2CBB /* Products */ = {
			isa = PBXGroup;
			children = (
				1D6058910D05DD3D006BFB54 /* tweetradio_mobile.app */,
				BE8C5E6510AA694900B2427C /* test_tweetradio_mobile.octest */,
			);
			name = Products;
			sourceTree = "<group>";
		};
		29B97314FDCFA39411CA2CEA /* CustomTemplate */ = {
			isa = PBXGroup;
			children = (
				BE8C5E6E10AA699D00B2427C /* Test */,
				080E96DDFE201D6D7F000001 /* Classes */,
				29B97315FDCFA39411CA2CEA /* Other Sources */,
				29B97317FDCFA39411CA2CEA /* Resources */,
				29B97323FDCFA39411CA2CEA /* Frameworks */,
				19C28FACFE9D520D11CA2CBB /* Products */,
				BE8C5E6610AA694900B2427C /* test_tweetradio_mobile-Info.plist */,
				BE8C5FEF10AA86D800B2427C /* Test-Info.plist */,
			);
			name = CustomTemplate;
			sourceTree = "<group>";
		};
		29B97315FDCFA39411CA2CEA /* Other Sources */ = {
			isa = PBXGroup;
			children = (
				28A0AAE50D9B0CCF005BE974 /* tweetradio_mobile_Prefix.pch */,
				29B97316FDCFA39411CA2CEA /* main.m */,
			);
			name = "Other Sources";
			sourceTree = "<group>";
		};
		29B97317FDCFA39411CA2CEA /* Resources */ = {
			isa = PBXGroup;
			children = (
				2899E55F0DE3E45000AC0155 /* RootViewController.xib */,
				28AD735F0D9D9599002E5188 /* MainWindow.xib */,
				8D1107310486CEB800E47090 /* tweetradio_mobile-Info.plist */,
			);
			name = Resources;
			sourceTree = "<group>";
		};
		29B97323FDCFA39411CA2CEA /* Frameworks */ = {
			isa = PBXGroup;
			children = (
				BE8C5EA010AA75DD00B2427C /* libYAJLIPhone.a */,
				1DF5F4DF0D08C38300B7A737 /* UIKit.framework */,
				1D30AB110D05D00D00671497 /* Foundation.framework */,
				2892E40F0DC94CBA00A64D0F /* CoreGraphics.framework */,
				28860BE40F44EE6400985440 /* CoreData.framework */,
				BE8C5E5610AA63A500B2427C /* libxml2.dylib */,
			);
			name = Frameworks;
			sourceTree = "<group>";
		};
		BE8C5E6E10AA699D00B2427C /* Test */ = {
			isa = PBXGroup;
			children = (
				BE8C5F5B10AA7DD500B2427C /* TwitterTest.h */,
				BE8C5F5C10AA7DD500B2427C /* TwitterTest.m */,
			);
			name = Test;
			sourceTree = "<group>";
		};
		BE8C601610AA8C0200B2427C /* MATwitterEngine */ = {
			isa = PBXGroup;
			children = (
				BE8C604210AA8C0200B2427C /* Categories */,
				BE8C603510AA8C0200B2427C /* Twitter YAJL Parsers */,
				BE8C602A10AA8C0200B2427C /* Twitter NSXML Parsers */,
				BE8C601F10AA8C0200B2427C /* Twitter LibXML Parsers */,
				BE8C601710AA8C0200B2427C /* MGTwitterEngineGlobalHeader.h */,
				BE8C601810AA8C0200B2427C /* MGTwitterEngine.h */,
				BE8C601910AA8C0200B2427C /* MGTwitterEngine.m */,
				BE8C601A10AA8C0200B2427C /* MGTwitterEngineDelegate.h */,
				BE8C601B10AA8C0200B2427C /* MGTwitterHTTPURLConnection.h */,
				BE8C601C10AA8C0200B2427C /* MGTwitterHTTPURLConnection.m */,
				BE8C601D10AA8C0200B2427C /* MGTwitterRequestTypes.h */,
				BE8C601E10AA8C0200B2427C /* MGTwitterParserDelegate.h */,
			);
			name = MATwitterEngine;
			sourceTree = "<group>";
		};
		BE8C601F10AA8C0200B2427C /* Twitter LibXML Parsers */ = {
			isa = PBXGroup;
			children = (
				BE8C602010AA8C0200B2427C /* MGTwitterLibXMLParser.h */,
				BE8C602110AA8C0200B2427C /* MGTwitterLibXMLParser.m */,
				BE8C602210AA8C0200B2427C /* MGTwitterStatusesLibXMLParser.h */,
				BE8C602310AA8C0200B2427C /* MGTwitterStatusesLibXMLParser.m */,
				BE8C602410AA8C0200B2427C /* MGTwitterUsersLibXMLParser.h */,
				BE8C602510AA8C0200B2427C /* MGTwitterUsersLibXMLParser.m */,
				BE8C602610AA8C0200B2427C /* MGTwitterMessagesLibXMLParser.h */,
				BE8C602710AA8C0200B2427C /* MGTwitterMessagesLibXMLParser.m */,
				BE8C602810AA8C0200B2427C /* MGTwitterMiscLibXMLParser.h */,
				BE8C602910AA8C0200B2427C /* MGTwitterMiscLibXMLParser.m */,
			);
			name = "Twitter LibXML Parsers";
			sourceTree = "<group>";
		};
		BE8C602A10AA8C0200B2427C /* Twitter NSXML Parsers */ = {
			isa = PBXGroup;
			children = (
				BE8C602B10AA8C0200B2427C /* MGTwitterXMLParser.h */,
				BE8C602C10AA8C0200B2427C /* MGTwitterXMLParser.m */,
				BE8C602D10AA8C0200B2427C /* MGTwitterStatusesParser.h */,
				BE8C602E10AA8C0200B2427C /* MGTwitterStatusesParser.m */,
				BE8C602F10AA8C0200B2427C /* MGTwitterUsersParser.h */,
				BE8C603010AA8C0200B2427C /* MGTwitterUsersParser.m */,
				BE8C603110AA8C0200B2427C /* MGTwitterMessagesParser.h */,
				BE8C603210AA8C0200B2427C /* MGTwitterMessagesParser.m */,
				BE8C603310AA8C0200B2427C /* MGTwitterMiscParser.h */,
				BE8C603410AA8C0200B2427C /* MGTwitterMiscParser.m */,
			);
			name = "Twitter NSXML Parsers";
			sourceTree = "<group>";
		};
		BE8C603510AA8C0200B2427C /* Twitter YAJL Parsers */ = {
			isa = PBXGroup;
			children = (
				BE8C603610AA8C0200B2427C /* MGTwitterYAJLParser.h */,
				BE8C603710AA8C0200B2427C /* MGTwitterYAJLParser.m */,
				BE8C603810AA8C0200B2427C /* MGTwitterStatusesYAJLParser.h */,
				BE8C603910AA8C0200B2427C /* MGTwitterStatusesYAJLParser.m */,
				BE8C603A10AA8C0200B2427C /* MGTwitterUsersYAJLParser.h */,
				BE8C603B10AA8C0200B2427C /* MGTwitterUsersYAJLParser.m */,
				BE8C603C10AA8C0200B2427C /* MGTwitterMessagesYAJLParser.h */,
				BE8C603D10AA8C0200B2427C /* MGTwitterMessagesYAJLParser.m */,
				BE8C603E10AA8C0200B2427C /* MGTwitterMiscYAJLParser.h */,
				BE8C603F10AA8C0200B2427C /* MGTwitterMiscYAJLParser.m */,
				BE8C604010AA8C0200B2427C /* MGTwitterSearchYAJLParser.h */,
				BE8C604110AA8C0200B2427C /* MGTwitterSearchYAJLParser.m */,
			);
			name = "Twitter YAJL Parsers";
			sourceTree = "<group>";
		};
		BE8C604210AA8C0200B2427C /* Categories */ = {
			isa = PBXGroup;
			children = (
				BE8C604310AA8C0200B2427C /* NSString+UUID.h */,
				BE8C604410AA8C0200B2427C /* NSString+UUID.m */,
				BE8C604510AA8C0200B2427C /* NSData+Base64.h */,
				BE8C604610AA8C0200B2427C /* NSData+Base64.m */,
			);
			name = Categories;
			sourceTree = "<group>";
		};
		BE8C618910AD089900B2427C /* Model */ = {
			isa = PBXGroup;
			children = (
				28860B760F44E54D00985440 /* tweetradio_mobile.xcdatamodel */,
				BE8C618E10AD08D300B2427C /* Tweet.h */,
				BE8C618F10AD08D300B2427C /* Tweet.m */,
			);
			name = Model;
			sourceTree = "<group>";
		};
/* End PBXGroup section */

/* Begin PBXNativeTarget section */
		1D6058900D05DD3D006BFB54 /* tweetradio_mobile */ = {
			isa = PBXNativeTarget;
			buildConfigurationList = 1D6058960D05DD3E006BFB54 /* Build configuration list for PBXNativeTarget "tweetradio_mobile" */;
			buildPhases = (
				1D60588D0D05DD3D006BFB54 /* Resources */,
				1D60588E0D05DD3D006BFB54 /* Sources */,
				1D60588F0D05DD3D006BFB54 /* Frameworks */,
			);
			buildRules = (
			);
			dependencies = (
			);
			name = tweetradio_mobile;
			productName = tweetradio_mobile;
			productReference = 1D6058910D05DD3D006BFB54 /* tweetradio_mobile.app */;
			productType = "com.apple.product-type.application";
		};
		BE8C5E6410AA694900B2427C /* test_tweetradio_mobile */ = {
			isa = PBXNativeTarget;
			buildConfigurationList = BE8C5E6910AA694A00B2427C /* Build configuration list for PBXNativeTarget "test_tweetradio_mobile" */;
			buildPhases = (
				BE8C5E6010AA694900B2427C /* Resources */,
				BE8C5E6110AA694900B2427C /* Sources */,
				BE8C5E6210AA694900B2427C /* Frameworks */,
				BE8C5E6310AA694900B2427C /* ShellScript */,
			);
			buildRules = (
			);
			dependencies = (
			);
			name = test_tweetradio_mobile;
			productName = test_tweetradio_mobile;
			productReference = BE8C5E6510AA694900B2427C /* test_tweetradio_mobile.octest */;
			productType = "com.apple.product-type.bundle";
		};
/* End PBXNativeTarget section */

/* Begin PBXProject section */
		29B97313FDCFA39411CA2CEA /* Project object */ = {
			isa = PBXProject;
			buildConfigurationList = C01FCF4E08A954540054247B /* Build configuration list for PBXProject "tweetradio_mobile" */;
			compatibilityVersion = "Xcode 3.1";
			hasScannedForEncodings = 1;
			knownRegions = (
				English,
				Japanese,
				French,
				German,
				en,
			);
			mainGroup = 29B97314FDCFA39411CA2CEA /* CustomTemplate */;
			projectDirPath = "";
			projectRoot = "";
			targets = (
				1D6058900D05DD3D006BFB54 /* tweetradio_mobile */,
				BE8C5E6410AA694900B2427C /* test_tweetradio_mobile */,
			);
		};
/* End PBXProject section */

/* Begin PBXResourcesBuildPhase section */
		1D60588D0D05DD3D006BFB54 /* Resources */ = {
			isa = PBXResourcesBuildPhase;
			buildActionMask = 2147483647;
			files = (
				28AD73600D9D9599002E5188 /* MainWindow.xib in Resources */,
				2899E5600DE3E45000AC0155 /* RootViewController.xib in Resources */,
			);
			runOnlyForDeploymentPostprocessing = 0;
		};
		BE8C5E6010AA694900B2427C /* Resources */ = {
			isa = PBXResourcesBuildPhase;
			buildActionMask = 2147483647;
			files = (
			);
			runOnlyForDeploymentPostprocessing = 0;
		};
/* End PBXResourcesBuildPhase section */

/* Begin PBXShellScriptBuildPhase section */
		BE8C5E6310AA694900B2427C /* ShellScript */ = {
			isa = PBXShellScriptBuildPhase;
			buildActionMask = 2147483647;
			files = (
			);
			inputPaths = (
			);
			outputPaths = (
			);
			runOnlyForDeploymentPostprocessing = 0;
			shellPath = /bin/sh;
			shellScript = "# Run the unit tests in this test bundle.\n\"${SYSTEM_DEVELOPER_DIR}/Tools/RunUnitTests\"\n";
		};
/* End PBXShellScriptBuildPhase section */

/* Begin PBXSourcesBuildPhase section */
		1D60588E0D05DD3D006BFB54 /* Sources */ = {
			isa = PBXSourcesBuildPhase;
			buildActionMask = 2147483647;
			files = (
				1D60589B0D05DD56006BFB54 /* main.m in Sources */,
				1D3623260D0F684500981E51 /* tweetradio_mobileAppDelegate.m in Sources */,
				28C286E10D94DF7D0034E888 /* RootViewController.m in Sources */,
				28860B770F44E54D00985440 /* tweetradio_mobile.xcdatamodel in Sources */,
				BE8C5EC910AA772000B2427C /* Twitter.m in Sources */,
				BE8C605D10AA8C0200B2427C /* MGTwitterEngine.m in Sources */,
				BE8C605E10AA8C0200B2427C /* MGTwitterHTTPURLConnection.m in Sources */,
				BE8C605F10AA8C0200B2427C /* MGTwitterLibXMLParser.m in Sources */,
				BE8C606010AA8C0200B2427C /* MGTwitterStatusesLibXMLParser.m in Sources */,
				BE8C606110AA8C0200B2427C /* MGTwitterUsersLibXMLParser.m in Sources */,
				BE8C606210AA8C0200B2427C /* MGTwitterMessagesLibXMLParser.m in Sources */,
				BE8C606310AA8C0200B2427C /* MGTwitterMiscLibXMLParser.m in Sources */,
				BE8C606410AA8C0200B2427C /* MGTwitterXMLParser.m in Sources */,
				BE8C606510AA8C0200B2427C /* MGTwitterStatusesParser.m in Sources */,
				BE8C606610AA8C0200B2427C /* MGTwitterUsersParser.m in Sources */,
				BE8C606710AA8C0200B2427C /* MGTwitterMessagesParser.m in Sources */,
				BE8C606810AA8C0200B2427C /* MGTwitterMiscParser.m in Sources */,
				BE8C606910AA8C0200B2427C /* MGTwitterYAJLParser.m in Sources */,
				BE8C606A10AA8C0200B2427C /* MGTwitterStatusesYAJLParser.m in Sources */,
				BE8C606B10AA8C0200B2427C /* MGTwitterUsersYAJLParser.m in Sources */,
				BE8C606C10AA8C0200B2427C /* MGTwitterMessagesYAJLParser.m in Sources */,
				BE8C606D10AA8C0200B2427C /* MGTwitterMiscYAJLParser.m in Sources */,
				BE8C606E10AA8C0200B2427C /* MGTwitterSearchYAJLParser.m in Sources */,
				BE8C606F10AA8C0200B2427C /* NSString+UUID.m in Sources */,
				BE8C607010AA8C0200B2427C /* NSData+Base64.m in Sources */,
				BE8C619010AD08D300B2427C /* Tweet.m in Sources */,
			);
			runOnlyForDeploymentPostprocessing = 0;
		};
		BE8C5E6110AA694900B2427C /* Sources */ = {
			isa = PBXSourcesBuildPhase;
			buildActionMask = 2147483647;
			files = (
				BE8C5ECA10AA772000B2427C /* Twitter.m in Sources */,
				BE8C5F5D10AA7DD500B2427C /* TwitterTest.m in Sources */,
				BE8C619110AD08D300B2427C /* Tweet.m in Sources */,
			);
			runOnlyForDeploymentPostprocessing = 0;
		};
/* End PBXSourcesBuildPhase section */

/* Begin XCBuildConfiguration section */
		1D6058940D05DD3E006BFB54 /* Debug */ = {
			isa = XCBuildConfiguration;
			buildSettings = {
				ALWAYS_SEARCH_USER_PATHS = NO;
				COPY_PHASE_STRIP = NO;
				GCC_DYNAMIC_NO_PIC = NO;
				GCC_OPTIMIZATION_LEVEL = 0;
				GCC_PRECOMPILE_PREFIX_HEADER = YES;
				GCC_PREFIX_HEADER = tweetradio_mobile_Prefix.pch;
				INFOPLIST_FILE = "tweetradio_mobile-Info.plist";
				LIBRARY_SEARCH_PATHS = (
					"$(inherited)",
					"\"$(SRCROOT)\"",
					"\"$(SRCROOT)/Classes\"",
				);
				PRODUCT_NAME = tweetradio_mobile;
			};
			name = Debug;
		};
		1D6058950D05DD3E006BFB54 /* Release */ = {
			isa = XCBuildConfiguration;
			buildSettings = {
				ALWAYS_SEARCH_USER_PATHS = NO;
				COPY_PHASE_STRIP = YES;
				GCC_PRECOMPILE_PREFIX_HEADER = YES;
				GCC_PREFIX_HEADER = tweetradio_mobile_Prefix.pch;
				INFOPLIST_FILE = "tweetradio_mobile-Info.plist";
				LIBRARY_SEARCH_PATHS = (
					"$(inherited)",
					"\"$(SRCROOT)\"",
					"\"$(SRCROOT)/Classes\"",
				);
				PRODUCT_NAME = tweetradio_mobile;
			};
			name = Release;
		};
		BE8C5E6710AA694A00B2427C /* Debug */ = {
			isa = XCBuildConfiguration;
			buildSettings = {
				ALWAYS_SEARCH_USER_PATHS = NO;
				COPY_PHASE_STRIP = NO;
				FRAMEWORK_SEARCH_PATHS = (
					"\"$(SDKROOT)/Developer/Library/Frameworks\"",
					"\"$(DEVELOPER_LIBRARY_DIR)/Frameworks\"",
				);
				GCC_DYNAMIC_NO_PIC = NO;
				GCC_ENABLE_FIX_AND_CONTINUE = NO;
				GCC_ENABLE_OBJC_EXCEPTIONS = YES;
				GCC_OPTIMIZATION_LEVEL = 0;
				INFOPLIST_FILE = "test_tweetradio_mobile-Info.plist";
				LIBRARY_SEARCH_PATHS = (
					"$(inherited)",
					"\"$(SRCROOT)\"",
					"\"$(SRCROOT)/Classes\"",
				);
				OTHER_LDFLAGS = (
					"-framework",
					Foundation,
					"-framework",
					SenTestingKit,
					"-framework",
					UIKit,
				);
				PREBINDING = NO;
				PRODUCT_NAME = test_tweetradio_mobile;
				WRAPPER_EXTENSION = octest;
			};
			name = Debug;
		};
		BE8C5E6810AA694A00B2427C /* Release */ = {
			isa = XCBuildConfiguration;
			buildSettings = {
				ALWAYS_SEARCH_USER_PATHS = NO;
				COPY_PHASE_STRIP = YES;
				DEBUG_INFORMATION_FORMAT = "dwarf-with-dsym";
				FRAMEWORK_SEARCH_PATHS = (
					"\"$(SDKROOT)/Developer/Library/Frameworks\"",
					"\"$(DEVELOPER_LIBRARY_DIR)/Frameworks\"",
				);
				GCC_ENABLE_FIX_AND_CONTINUE = NO;
				GCC_ENABLE_OBJC_EXCEPTIONS = YES;
				INFOPLIST_FILE = "test_tweetradio_mobile-Info.plist";
				LIBRARY_SEARCH_PATHS = (
					"$(inherited)",
					"\"$(SRCROOT)\"",
					"\"$(SRCROOT)/Classes\"",
				);
				OTHER_LDFLAGS = (
					"-framework",
					Foundation,
					"-framework",
					SenTestingKit,
					"-framework",
					UIKit,
				);
				PREBINDING = NO;
				PRODUCT_NAME = test_tweetradio_mobile;
				WRAPPER_EXTENSION = octest;
				ZERO_LINK = NO;
			};
			name = Release;
		};
		C01FCF4F08A954540054247B /* Debug */ = {
			isa = XCBuildConfiguration;
			buildSettings = {
				ARCHS = "$(ARCHS_STANDARD_32_BIT)";
				"CODE_SIGN_IDENTITY[sdk=iphoneos*]" = "iPhone Developer";
				GCC_C_LANGUAGE_STANDARD = c99;
				GCC_WARN_ABOUT_RETURN_TYPE = YES;
				GCC_WARN_UNUSED_VARIABLE = YES;
				HEADER_SEARCH_PATHS = (
					/usr/local/include,
					$SDKROOT/usr/include/libxml2,
				);
				PREBINDING = NO;
				SDKROOT = iphoneos3.1.2;
			};
			name = Debug;
		};
		C01FCF5008A954540054247B /* Release */ = {
			isa = XCBuildConfiguration;
			buildSettings = {
				ARCHS = "$(ARCHS_STANDARD_32_BIT)";
				"CODE_SIGN_IDENTITY[sdk=iphoneos*]" = "iPhone Developer";
				GCC_C_LANGUAGE_STANDARD = c99;
				GCC_WARN_ABOUT_RETURN_TYPE = YES;
				GCC_WARN_UNUSED_VARIABLE = YES;
				PREBINDING = NO;
				SDKROOT = iphoneos3.1.2;
			};
			name = Release;
		};
/* End XCBuildConfiguration section */

/* Begin XCConfigurationList section */
		1D6058960D05DD3E006BFB54 /* Build configuration list for PBXNativeTarget "tweetradio_mobile" */ = {
			isa = XCConfigurationList;
			buildConfigurations = (
				1D6058940D05DD3E006BFB54 /* Debug */,
				1D6058950D05DD3E006BFB54 /* Release */,
			);
			defaultConfigurationIsVisible = 0;
			defaultConfigurationName = Release;
		};
		BE8C5E6910AA694A00B2427C /* Build configuration list for PBXNativeTarget "test_tweetradio_mobile" */ = {
			isa = XCConfigurationList;
			buildConfigurations = (
				BE8C5E6710AA694A00B2427C /* Debug */,
				BE8C5E6810AA694A00B2427C /* Release */,
			);
			defaultConfigurationIsVisible = 0;
			defaultConfigurationName = Release;
		};
		C01FCF4E08A954540054247B /* Build configuration list for PBXProject "tweetradio_mobile" */ = {
			isa = XCConfigurationList;
			buildConfigurations = (
				C01FCF4F08A954540054247B /* Debug */,
				C01FCF5008A954540054247B /* Release */,
			);
			defaultConfigurationIsVisible = 0;
			defaultConfigurationName = Release;
		};
/* End XCConfigurationList section */
	};
	rootObject = 29B97313FDCFA39411CA2CEA /* Project object */;
}
